
Microsoft Visual Studio Solution File, Format Version 12.00
# Visual Studio Version 16
VisualStudioVersion = 16.0.33328.57
MinimumVisualStudioVersion = 10.0.40219.1
Project("{FAE04EC0-301F-11D3-BF4B-00C04F79EFBC}") = "ExCrystal", "ExCrystal\ExCrystal.csproj", "{A118F443-E2A7-4BD1-972A-AF3043DD0A32}"
EndProject
Global
	GlobalSection(SolutionConfigurationPlatforms) = preSolution
		Debug|Any CPU = Debug|Any CPU
		Release|Any CPU = Release|Any CPU
	EndGlobalSection
	GlobalSection(ProjectConfigurationPlatforms) = postSolution
		{A118F443-E2A7-4BD1-972A-AF3043DD0A32}.Debug|Any CPU.ActiveCfg = Debug|Any CPU
		{A118F443-E2A7-4BD1-972A-AF3043DD0A32}.Debug|Any CPU.Build.0 = Debug|Any CPU
		{A118F443-E2A7-4BD1-972A-AF3043DD0A32}.Release|Any CPU.ActiveCfg = Release|Any CPU
		{A118F443-E2A7-4BD1-972A-AF3043DD0A32}.Release|Any CPU.Build.0 = Release|Any CPU
	EndGlobalSection
	GlobalSection(SolutionProperties) = preSolution
		HideSolutionNode = FALSE
	EndGlobalSection
	GlobalSection(ExtensibilityGlobals) = postSolution
		SolutionGuid = {D9411200-1C6D-4AEB-A8FB-BE2B231D0F87}
	EndGlobalSection
EndGlobal
