
Microsoft Visual Studio Solution File, Format Version 12.00
# Visual Studio Version 17
VisualStudioVersion = 17.13.35931.197 d17.13
MinimumVisualStudioVersion = 10.0.40219.1
Project("{FAE04EC0-301F-11D3-BF4B-00C04F79EFBC}") = "Estudando_P1", "Estudando_P1\Estudando_P1.csproj", "{647777B3-16D9-4D7E-AE6B-B4A9AB55C4B2}"
EndProject
Global
	GlobalSection(SolutionConfigurationPlatforms) = preSolution
		Debug|Any CPU = Debug|Any CPU
		Release|Any CPU = Release|Any CPU
	EndGlobalSection
	GlobalSection(ProjectConfigurationPlatforms) = postSolution
		{647777B3-16D9-4D7E-AE6B-B4A9AB55C4B2}.Debug|Any CPU.ActiveCfg = Debug|Any CPU
		{647777B3-16D9-4D7E-AE6B-B4A9AB55C4B2}.Debug|Any CPU.Build.0 = Debug|Any CPU
		{647777B3-16D9-4D7E-AE6B-B4A9AB55C4B2}.Release|Any CPU.ActiveCfg = Release|Any CPU
		{647777B3-16D9-4D7E-AE6B-B4A9AB55C4B2}.Release|Any CPU.Build.0 = Release|Any CPU
	EndGlobalSection
	GlobalSection(SolutionProperties) = preSolution
		HideSolutionNode = FALSE
	EndGlobalSection
	GlobalSection(ExtensibilityGlobals) = postSolution
		SolutionGuid = {FC87004F-1735-48BF-B7A9-0A51F5D4CFCA}
	EndGlobalSection
EndGlobal
